PODS:
  - APControllers (1.0.0)
  - APExtensions (7.0.1):
    - APExtensions/Abstractions (= 7.0.1)
    - APExtensions/Core (= 7.0.1)
    - APExtensions/Storyboard (= 7.0.1)
    - APExtensions/ViewConfiguration (= 7.0.1)
  - APExtensions/Abstractions (7.0.1)
  - APExtensions/Core (7.0.1)
  - APExtensions/Storyboard (7.0.1)
  - APExtensions/ViewConfiguration (7.0.1)

DEPENDENCIES:
  - APControllers (from `../`)
  - APExtensions (from `https://github.com/APUtils/APExtensions`, branch `master`)

EXTERNAL SOURCES:
  APControllers:
    :path: "../"
  APExtensions:
    :branch: master
    :git: https://github.com/APUtils/APExtensions

CHECKOUT OPTIONS:
  APExtensions:
    :commit: bbb1b025c937b9c638d91813a2f50889863a7056
    :git: https://github.com/APUtils/APExtensions

SPEC CHECKSUMS:
  APControllers: 4332f649bce4ef3aa576c4c5310c0f866ed062d5
  APExtensions: e0377240c9db7bc42c3b864c039ba70c1b4034a3

PODFILE CHECKSUM: 4bf78aeca8e09bc42bccace2121edece85b4759d

COCOAPODS: 1.8.4
